
Microsoft Visual Studio Solution File, Format Version 12.00
# Visual Studio 15
VisualStudioVersion = 15.0.26020.0
MinimumVisualStudioVersion = 10.0.40219.1
Project("{FAE04EC0-301F-11D3-BF4B-00C04F79EFBC}") = "GnatMQ.Core", "GnatMQ.Core\GnatMQ.Core.csproj", "{43FF5A8C-EF8A-4390-B79F-7E49E3E4D133}"
EndProject
Project("{FAE04EC0-301F-11D3-BF4B-00C04F79EFBC}") = "GnatMQServerCore", "GnatMQServerCore\GnatMQServerCore.csproj", "{69BFB6A2-C2E8-45E9-86A8-82D301DCB1F8}"
EndProject
Global
	GlobalSection(SolutionConfigurationPlatforms) = preSolution
		Debug|Any CPU = Debug|Any CPU
		Debug|x64 = Debug|x64
		Debug|x86 = Debug|x86
		Release|Any CPU = Release|Any CPU
		Release|x64 = Release|x64
		Release|x86 = Release|x86
	EndGlobalSection
	GlobalSection(ProjectConfigurationPlatforms) = postSolution
		{43FF5A8C-EF8A-4390-B79F-7E49E3E4D133}.Debug|Any CPU.ActiveCfg = Debug|Any CPU
		{43FF5A8C-EF8A-4390-B79F-7E49E3E4D133}.Debug|Any CPU.Build.0 = Debug|Any CPU
		{43FF5A8C-EF8A-4390-B79F-7E49E3E4D133}.Debug|x64.ActiveCfg = Debug|x64
		{43FF5A8C-EF8A-4390-B79F-7E49E3E4D133}.Debug|x64.Build.0 = Debug|x64
		{43FF5A8C-EF8A-4390-B79F-7E49E3E4D133}.Debug|x86.ActiveCfg = Debug|x86
		{43FF5A8C-EF8A-4390-B79F-7E49E3E4D133}.Debug|x86.Build.0 = Debug|x86
		{43FF5A8C-EF8A-4390-B79F-7E49E3E4D133}.Release|Any CPU.ActiveCfg = Release|Any CPU
		{43FF5A8C-EF8A-4390-B79F-7E49E3E4D133}.Release|Any CPU.Build.0 = Release|Any CPU
		{43FF5A8C-EF8A-4390-B79F-7E49E3E4D133}.Release|x64.ActiveCfg = Release|x64
		{43FF5A8C-EF8A-4390-B79F-7E49E3E4D133}.Release|x64.Build.0 = Release|x64
		{43FF5A8C-EF8A-4390-B79F-7E49E3E4D133}.Release|x86.ActiveCfg = Release|x86
		{43FF5A8C-EF8A-4390-B79F-7E49E3E4D133}.Release|x86.Build.0 = Release|x86
		{69BFB6A2-C2E8-45E9-86A8-82D301DCB1F8}.Debug|Any CPU.ActiveCfg = Debug|Any CPU
		{69BFB6A2-C2E8-45E9-86A8-82D301DCB1F8}.Debug|Any CPU.Build.0 = Debug|Any CPU
		{69BFB6A2-C2E8-45E9-86A8-82D301DCB1F8}.Debug|x64.ActiveCfg = Debug|x64
		{69BFB6A2-C2E8-45E9-86A8-82D301DCB1F8}.Debug|x64.Build.0 = Debug|x64
		{69BFB6A2-C2E8-45E9-86A8-82D301DCB1F8}.Debug|x86.ActiveCfg = Debug|x86
		{69BFB6A2-C2E8-45E9-86A8-82D301DCB1F8}.Debug|x86.Build.0 = Debug|x86
		{69BFB6A2-C2E8-45E9-86A8-82D301DCB1F8}.Release|Any CPU.ActiveCfg = Release|Any CPU
		{69BFB6A2-C2E8-45E9-86A8-82D301DCB1F8}.Release|Any CPU.Build.0 = Release|Any CPU
		{69BFB6A2-C2E8-45E9-86A8-82D301DCB1F8}.Release|x64.ActiveCfg = Release|x64
		{69BFB6A2-C2E8-45E9-86A8-82D301DCB1F8}.Release|x64.Build.0 = Release|x64
		{69BFB6A2-C2E8-45E9-86A8-82D301DCB1F8}.Release|x86.ActiveCfg = Release|x86
		{69BFB6A2-C2E8-45E9-86A8-82D301DCB1F8}.Release|x86.Build.0 = Release|x86
	EndGlobalSection
	GlobalSection(SolutionProperties) = preSolution
		HideSolutionNode = FALSE
	EndGlobalSection
EndGlobal
